{
  "name": "awesome-programming-resources",
  "version": "1.0.0",
  "lockfileVersion": 2,
  "requires": true,
  "packages": {
    "": {
      "name": "awesome-programming-resources",
      "version": "1.0.0",
      "dependencies": {
        "marked-ast": "^0.3.0",
        "marked-ast-markdown": "^2.1.0"
      }
    },
    "node_modules/entities": {
      "version": "2.2.0",
      "resolved": "https://registry.npmmirror.com/entities/-/entities-2.2.0.tgz",
      "integrity": "sha512-p92if5Nz619I0w+akJrLZH0MX0Pb5DX39XOwQTtXSdQQOaYH03S1uIQp4mhOZtAXrxq4ViO67YTiLBo2638o9A=="
    },
    "node_modules/marked-ast": {
      "version": "0.3.0",
      "resolved": "https://registry.npmmirror.com/marked-ast/-/marked-ast-0.3.0.tgz",
      "integrity": "sha512-yQ3Bwrz9Zu3NLY5wUMekpB5g0IXLShYHmD/hee+N+uhra1FEVu8rKXokRAPhfxD2kYeYlIivyKVDjVVXjvMEng=="
    },
    "node_modules/marked-ast-markdown": {
      "version": "2.1.0",
      "resolved": "https://registry.npmmirror.com/marked-ast-markdown/-/marked-ast-markdown-2.1.0.tgz",
      "integrity": "sha512-vGC/NGGlvyu4I1Uox41a/ScpPbyYL74UWd7GsWjB9pmpmK1iMKqt0d5KdW+wShplefoDZvhm9kRwPlEYE85YGA==",
      "dependencies": {
        "entities": "^2.0.2",
        "whisk": "^1.0.0"
      }
    },
    "node_modules/whisk": {
      "version": "1.5.0",
      "resolved": "https://registry.npmmirror.com/whisk/-/whisk-1.5.0.tgz",
      "integrity": "sha512-wvrHImN6UzkDmCK94qY5RyjQR8XhK0PdzES1Zayz56hxAtgOzUbCYD/g26srpZsWw6iH3BLtJw34sLQWbsToFA=="
    }
  },
  "dependencies": {
    "entities": {
      "version": "2.2.0",
      "resolved": "https://registry.npmmirror.com/entities/-/entities-2.2.0.tgz",
      "integrity": "sha512-p92if5Nz619I0w+akJrLZH0MX0Pb5DX39XOwQTtXSdQQOaYH03S1uIQp4mhOZtAXrxq4ViO67YTiLBo2638o9A=="
    },
    "marked-ast": {
      "version": "0.3.0",
      "resolved": "https://registry.npmmirror.com/marked-ast/-/marked-ast-0.3.0.tgz",
      "integrity": "sha512-yQ3Bwrz9Zu3NLY5wUMekpB5g0IXLShYHmD/hee+N+uhra1FEVu8rKXokRAPhfxD2kYeYlIivyKVDjVVXjvMEng=="
    },
    "marked-ast-markdown": {
      "version": "2.1.0",
      "resolved": "https://registry.npmmirror.com/marked-ast-markdown/-/marked-ast-markdown-2.1.0.tgz",
      "integrity": "sha512-vGC/NGGlvyu4I1Uox41a/ScpPbyYL74UWd7GsWjB9pmpmK1iMKqt0d5KdW+wShplefoDZvhm9kRwPlEYE85YGA==",
      "requires": {
        "entities": "^2.0.2",
        "whisk": "^1.0.0"
      }
    },
    "whisk": {
      "version": "1.5.0",
      "resolved": "https://registry.npmmirror.com/whisk/-/whisk-1.5.0.tgz",
      "integrity": "sha512-wvrHImN6UzkDmCK94qY5RyjQR8XhK0PdzES1Zayz56hxAtgOzUbCYD/g26srpZsWw6iH3BLtJw34sLQWbsToFA=="
    }
  }
}
